
Microsoft Visual Studio Solution File, Format Version 12.00
# Visual Studio 14
VisualStudioVersion = 14.0.25420.1
MinimumVisualStudioVersion = 10.0.40219.1
Project("{2150E333-8FDC-42A3-9474-1A3956D46DE8}") = "Solution Items", "Solution Items", "{018F0330-0C81-4C41-A1EF-EB9069997B0C}"
	ProjectSection(SolutionItems) = preProject
		.gitattributes = .gitattributes
		.gitignore = .gitignore
		LICENSE = LICENSE
		README.md = README.md
	EndProjectSection
EndProject
Project("{FAE04EC0-301F-11D3-BF4B-00C04F79EFBC}") = "MyExpenses.Domain", "MyExpenses.Domain\MyExpenses.Domain.csproj", "{BA856E64-0CD9-4A3C-81D3-860318B8DA8D}"
EndProject
Project("{FAE04EC0-301F-11D3-BF4B-00C04F79EFBC}") = "MyExpenses.Data.EF", "MyExpenses.Data.EF\MyExpenses.Data.EF.csproj", "{5FFC4597-E193-4F84-98B7-E4DDA0209E21}"
EndProject
Project("{FAE04EC0-301F-11D3-BF4B-00C04F79EFBC}") = "MyExpenses.Web", "MyExpenses.Web\MyExpenses.Web.csproj", "{4EE5BDBF-DD8D-4884-8430-8D40BF0F8FDA}"
EndProject
Project("{FAE04EC0-301F-11D3-BF4B-00C04F79EFBC}") = "MyExpenses.IntegrationTests", "MyExpenses.IntegrationTests\MyExpenses.IntegrationTests.csproj", "{B1A0160E-845D-4160-A124-3B933005790F}"
EndProject
Global
	GlobalSection(SolutionConfigurationPlatforms) = preSolution
		Debug|Any CPU = Debug|Any CPU
		Release|Any CPU = Release|Any CPU
	EndGlobalSection
	GlobalSection(ProjectConfigurationPlatforms) = postSolution
		{BA856E64-0CD9-4A3C-81D3-860318B8DA8D}.Debug|Any CPU.ActiveCfg = Debug|Any CPU
		{BA856E64-0CD9-4A3C-81D3-860318B8DA8D}.Debug|Any CPU.Build.0 = Debug|Any CPU
		{BA856E64-0CD9-4A3C-81D3-860318B8DA8D}.Release|Any CPU.ActiveCfg = Release|Any CPU
		{BA856E64-0CD9-4A3C-81D3-860318B8DA8D}.Release|Any CPU.Build.0 = Release|Any CPU
		{5FFC4597-E193-4F84-98B7-E4DDA0209E21}.Debug|Any CPU.ActiveCfg = Debug|Any CPU
		{5FFC4597-E193-4F84-98B7-E4DDA0209E21}.Debug|Any CPU.Build.0 = Debug|Any CPU
		{5FFC4597-E193-4F84-98B7-E4DDA0209E21}.Release|Any CPU.ActiveCfg = Release|Any CPU
		{5FFC4597-E193-4F84-98B7-E4DDA0209E21}.Release|Any CPU.Build.0 = Release|Any CPU
		{4EE5BDBF-DD8D-4884-8430-8D40BF0F8FDA}.Debug|Any CPU.ActiveCfg = Debug|Any CPU
		{4EE5BDBF-DD8D-4884-8430-8D40BF0F8FDA}.Debug|Any CPU.Build.0 = Debug|Any CPU
		{4EE5BDBF-DD8D-4884-8430-8D40BF0F8FDA}.Release|Any CPU.ActiveCfg = Release|Any CPU
		{4EE5BDBF-DD8D-4884-8430-8D40BF0F8FDA}.Release|Any CPU.Build.0 = Release|Any CPU
		{B1A0160E-845D-4160-A124-3B933005790F}.Debug|Any CPU.ActiveCfg = Debug|Any CPU
		{B1A0160E-845D-4160-A124-3B933005790F}.Debug|Any CPU.Build.0 = Debug|Any CPU
		{B1A0160E-845D-4160-A124-3B933005790F}.Release|Any CPU.ActiveCfg = Release|Any CPU
		{B1A0160E-845D-4160-A124-3B933005790F}.Release|Any CPU.Build.0 = Release|Any CPU
	EndGlobalSection
	GlobalSection(SolutionProperties) = preSolution
		HideSolutionNode = FALSE
	EndGlobalSection
EndGlobal
